
Microsoft Visual Studio Solution File, Format Version 12.00
# Visual Studio Version 16
VisualStudioVersion = 16.0.30011.22
MinimumVisualStudioVersion = 10.0.40219.1
Project("{FAE04EC0-301F-11D3-BF4B-00C04F79EFBC}") = "PistasPadel", "PistasPadel\PistasPadel.csproj", "{0FCAAD09-97EF-49F6-A04A-49A494127787}"
EndProject
Global
	GlobalSection(SolutionConfigurationPlatforms) = preSolution
		Debug|Any CPU = Debug|Any CPU
		Release|Any CPU = Release|Any CPU
	EndGlobalSection
	GlobalSection(ProjectConfigurationPlatforms) = postSolution
		{0FCAAD09-97EF-49F6-A04A-49A494127787}.Debug|Any CPU.ActiveCfg = Debug|Any CPU
		{0FCAAD09-97EF-49F6-A04A-49A494127787}.Debug|Any CPU.Build.0 = Debug|Any CPU
		{0FCAAD09-97EF-49F6-A04A-49A494127787}.Release|Any CPU.ActiveCfg = Release|Any CPU
		{0FCAAD09-97EF-49F6-A04A-49A494127787}.Release|Any CPU.Build.0 = Release|Any CPU
	EndGlobalSection
	GlobalSection(SolutionProperties) = preSolution
		HideSolutionNode = FALSE
	EndGlobalSection
	GlobalSection(ExtensibilityGlobals) = postSolution
		SolutionGuid = {E2351F02-FDF7-49CF-8896-07FCF349ABEE}
	EndGlobalSection
EndGlobal
